// !$*UTF8*$!
{
	archiveVersion = 1;
	classes = {
	};
	objectVersion = 55;
	objects = {

/* Begin PBXBuildFile section */
		0CA1FE1C29F7215E9317BE60 /* Pods_Flix.framework in Frameworks */ = {isa = PBXBuildFile; fileRef = 931A72C05D94AD900BC62229 /* Pods_Flix.framework */; };
		1748758E27BEFEC200B59BE0 /* MovieDetailsViewController.swift in Sources */ = {isa = PBXBuildFile; fileRef = 1748758D27BEFEC200B59BE0 /* MovieDetailsViewController.swift */; };
		1748759027BF844B00B59BE0 /* MovieGridViewController.swift in Sources */ = {isa = PBXBuildFile; fileRef = 1748758F27BF844B00B59BE0 /* MovieGridViewController.swift */; };
		1748759227C0056300B59BE0 /* MovieGridCell.swift in Sources */ = {isa = PBXBuildFile; fileRef = 1748759127C0056300B59BE0 /* MovieGridCell.swift */; };
		1748759427C090BD00B59BE0 /* MovieGridDetailsViewController.swift in Sources */ = {isa = PBXBuildFile; fileRef = 1748759327C090BD00B59BE0 /* MovieGridDetailsViewController.swift */; };
		17F0196527AE3354005EB14E /* AppDelegate.swift in Sources */ = {isa = PBXBuildFile; fileRef = 17F0196427AE3354005EB14E /* AppDelegate.swift */; };
		17F0196727AE3354005EB14E /* SceneDelegate.swift in Sources */ = {isa = PBXBuildFile; fileRef = 17F0196627AE3354005EB14E /* SceneDelegate.swift */; };
		17F0196C27AE3354005EB14E /* Main.storyboard in Resources */ = {isa = PBXBuildFile; fileRef = 17F0196A27AE3354005EB14E /* Main.storyboard */; };
		17F0196E27AE3355005EB14E /* Assets.xcassets in Resources */ = {isa = PBXBuildFile; fileRef = 17F0196D27AE3355005EB14E /* Assets.xcassets */; };
		17F0197127AE3355005EB14E /* LaunchScreen.storyboard in Resources */ = {isa = PBXBuildFile; fileRef = 17F0196F27AE3355005EB14E /* LaunchScreen.storyboard */; };
		17F0197C27AE3355005EB14E /* FlixTests.swift in Sources */ = {isa = PBXBuildFile; fileRef = 17F0197B27AE3355005EB14E /* FlixTests.swift */; };
		17F0198627AE3355005EB14E /* FlixUITests.swift in Sources */ = {isa = PBXBuildFile; fileRef = 17F0198527AE3355005EB14E /* FlixUITests.swift */; };
		17F0198827AE3355005EB14E /* FlixUITestsLaunchTests.swift in Sources */ = {isa = PBXBuildFile; fileRef = 17F0198727AE3355005EB14E /* FlixUITestsLaunchTests.swift */; };
		17F0199527AECEF4005EB14E /* MoviesViewController.swift in Sources */ = {isa = PBXBuildFile; fileRef = 17F0199427AECEF4005EB14E /* MoviesViewController.swift */; };
		17F019D327B42D20005EB14E /* MovieCell.swift in Sources */ = {isa = PBXBuildFile; fileRef = 17F019D227B42D20005EB14E /* MovieCell.swift */; };
		17F019D627B430D7005EB14E /* AlamofireImage in Frameworks */ = {isa = PBXBuildFile; productRef = 17F019D527B430D7005EB14E /* AlamofireImage */; };
		2D91213029C7C2E62E1582E1 /* Pods_Flix_FlixUITests.framework in Frameworks */ = {isa = PBXBuildFile; fileRef = 0C896AFD6135B3AFC62FAE5B /* Pods_Flix_FlixUITests.framework */; };
		EFD8CAF17385E0C08A601662 /* Pods_FlixTests.framework in Frameworks */ = {isa = PBXBuildFile; fileRef = A793C49BEFEEEE8F1A28DB5D /* Pods_FlixTests.framework */; };
/* End PBXBuildFile section */

/* Begin PBXContainerItemProxy section */
		17F0197827AE3355005EB14E /* PBXContainerItemProxy */ = {
			isa = PBXContainerItemProxy;
			containerPortal = 17F0195927AE3354005EB14E /* Project object */;
			proxyType = 1;
			remoteGlobalIDString = 17F0196027AE3354005EB14E;
			remoteInfo = Flix;
		};
		17F0198227AE3355005EB14E /* PBXContainerItemProxy */ = {
			isa = PBXContainerItemProxy;
			containerPortal = 17F0195927AE3354005EB14E /* Project object */;
			proxyType = 1;
			remoteGlobalIDString = 17F0196027AE3354005EB14E;
			remoteInfo = Flix;
		};
/* End PBXContainerItemProxy section */

/* Begin PBXFileReference section */
		0C896AFD6135B3AFC62FAE5B /* Pods_Flix_FlixUITests.framework */ = {isa = PBXFileReference; explicitFileType = wrapper.framework; includeInIndex = 0; path = Pods_Flix_FlixUITests.framework; sourceTree = BUILT_PRODUCTS_DIR; };
		1748758D27BEFEC200B59BE0 /* MovieDetailsViewController.swift */ = {isa = PBXFileReference; lastKnownFileType = sourcecode.swift; path = MovieDetailsViewController.swift; sourceTree = "<group>"; };
		1748758F27BF844B00B59BE0 /* MovieGridViewController.swift */ = {isa = PBXFileReference; lastKnownFileType = sourcecode.swift; path = MovieGridViewController.swift; sourceTree = "<group>"; };
		1748759127C0056300B59BE0 /* MovieGridCell.swift */ = {isa = PBXFileReference; lastKnownFileType = sourcecode.swift; path = MovieGridCell.swift; sourceTree = "<group>"; };
		1748759327C090BD00B59BE0 /* MovieGridDetailsViewController.swift */ = {isa = PBXFileReference; lastKnownFileType = sourcecode.swift; path = MovieGridDetailsViewController.swift; sourceTree = "<group>"; };
		17F0196127AE3354005EB14E /* Flix.app */ = {isa = PBXFileReference; explicitFileType = wrapper.application; includeInIndex = 0; path = Flix.app; sourceTree = BUILT_PRODUCTS_DIR; };
		17F0196427AE3354005EB14E /* AppDelegate.swift */ = {isa = PBXFileReference; lastKnownFileType = sourcecode.swift; path = AppDelegate.swift; sourceTree = "<group>"; };
		17F0196627AE3354005EB14E /* SceneDelegate.swift */ = {isa = PBXFileReference; lastKnownFileType = sourcecode.swift; path = SceneDelegate.swift; sourceTree = "<group>"; };
		17F0196B27AE3354005EB14E /* Base */ = {isa = PBXFileReference; lastKnownFileType = file.storyboard; name = Base; path = Base.lproj/Main.storyboard; sourceTree = "<group>"; };
		17F0196D27AE3355005EB14E /* Assets.xcassets */ = {isa = PBXFileReference; lastKnownFileType = folder.assetcatalog; path = Assets.xcassets; sourceTree = "<group>"; };
		17F0197027AE3355005EB14E /* Base */ = {isa = PBXFileReference; lastKnownFileType = file.storyboard; name = Base; path = Base.lproj/LaunchScreen.storyboard; sourceTree = "<group>"; };
		17F0197227AE3355005EB14E /* Info.plist */ = {isa = PBXFileReference; lastKnownFileType = text.plist.xml; path = Info.plist; sourceTree = "<group>"; };
		17F0197727AE3355005EB14E /* FlixTests.xctest */ = {isa = PBXFileReference; explicitFileType = wrapper.cfbundle; includeInIndex = 0; path = FlixTests.xctest; sourceTree = BUILT_PRODUCTS_DIR; };
		17F0197B27AE3355005EB14E /* FlixTests.swift */ = {isa = PBXFileReference; lastKnownFileType = sourcecode.swift; path = FlixTests.swift; sourceTree = "<group>"; };
		17F0198127AE3355005EB14E /* FlixUITests.xctest */ = {isa = PBXFileReference; explicitFileType = wrapper.cfbundle; includeInIndex = 0; path = FlixUITests.xctest; sourceTree = BUILT_PRODUCTS_DIR; };
		17F0198527AE3355005EB14E /* FlixUITests.swift */ = {isa = PBXFileReference; lastKnownFileType = sourcecode.swift; path = FlixUITests.swift; sourceTree = "<group>"; };
		17F0198727AE3355005EB14E /* FlixUITestsLaunchTests.swift */ = {isa = PBXFileReference; lastKnownFileType = sourcecode.swift; path = FlixUITestsLaunchTests.swift; sourceTree = "<group>"; };
		17F0199427AECEF4005EB14E /* MoviesViewController.swift */ = {isa = PBXFileReference; lastKnownFileType = sourcecode.swift; path = MoviesViewController.swift; sourceTree = "<group>"; };
		17F019D227B42D20005EB14E /* MovieCell.swift */ = {isa = PBXFileReference; lastKnownFileType = sourcecode.swift; path = MovieCell.swift; sourceTree = "<group>"; };
		3C044DDADD194B8966FBD22B /* Pods-Flix-FlixUITests.debug.xcconfig */ = {isa = PBXFileReference; includeInIndex = 1; lastKnownFileType = text.xcconfig; name = "Pods-Flix-FlixUITests.debug.xcconfig"; path = "Target Support Files/Pods-Flix-FlixUITests/Pods-Flix-FlixUITests.debug.xcconfig"; sourceTree = "<group>"; };
		43FDB14F68113D6092B44251 /* Pods-Flix-FlixUITests.release.xcconfig */ = {isa = PBXFileReference; includeInIndex = 1; lastKnownFileType = text.xcconfig; name = "Pods-Flix-FlixUITests.release.xcconfig"; path = "Target Support Files/Pods-Flix-FlixUITests/Pods-Flix-FlixUITests.release.xcconfig"; sourceTree = "<group>"; };
		7092C67D9FF225C0A58FD169 /* Pods-Flix.release.xcconfig */ = {isa = PBXFileReference; includeInIndex = 1; lastKnownFileType = text.xcconfig; name = "Pods-Flix.release.xcconfig"; path = "Target Support Files/Pods-Flix/Pods-Flix.release.xcconfig"; sourceTree = "<group>"; };
		71BD212F40C43D9AAFA05617 /* Pods-Flix.debug.xcconfig */ = {isa = PBXFileReference; includeInIndex = 1; lastKnownFileType = text.xcconfig; name = "Pods-Flix.debug.xcconfig"; path = "Target Support Files/Pods-Flix/Pods-Flix.debug.xcconfig"; sourceTree = "<group>"; };
		931A72C05D94AD900BC62229 /* Pods_Flix.framework */ = {isa = PBXFileReference; explicitFileType = wrapper.framework; includeInIndex = 0; path = Pods_Flix.framework; sourceTree = BUILT_PRODUCTS_DIR; };
		A793C49BEFEEEE8F1A28DB5D /* Pods_FlixTests.framework */ = {isa = PBXFileReference; explicitFileType = wrapper.framework; includeInIndex = 0; path = Pods_FlixTests.framework; sourceTree = BUILT_PRODUCTS_DIR; };
		B678F6B1560C8CDAA6D96192 /* Pods-FlixTests.release.xcconfig */ = {isa = PBXFileReference; includeInIndex = 1; lastKnownFileType = text.xcconfig; name = "Pods-FlixTests.release.xcconfig"; path = "Target Support Files/Pods-FlixTests/Pods-FlixTests.release.xcconfig"; sourceTree = "<group>"; };
		D3F995BB20D4D02559C75A82 /* Pods-FlixTests.debug.xcconfig */ = {isa = PBXFileReference; includeInIndex = 1; lastKnownFileType = text.xcconfig; name = "Pods-FlixTests.debug.xcconfig"; path = "Target Support Files/Pods-FlixTests/Pods-FlixTests.debug.xcconfig"; sourceTree = "<group>"; };
/* End PBXFileReference section */

/* Begin PBXFrameworksBuildPhase section */
		17F0195E27AE3354005EB14E /* Frameworks */ = {
			isa = PBXFrameworksBuildPhase;
			buildActionMask = 2147483647;
			files = (
				17F019D627B430D7005EB14E /* AlamofireImage in Frameworks */,
				0CA1FE1C29F7215E9317BE60 /* Pods_Flix.framework in Frameworks */,
			);
			runOnlyForDeploymentPostprocessing = 0;
		};
		17F0197427AE3355005EB14E /* Frameworks */ = {
			isa = PBXFrameworksBuildPhase;
			buildActionMask = 2147483647;
			files = (
				EFD8CAF17385E0C08A601662 /* Pods_FlixTests.framework in Frameworks */,
			);
			runOnlyForDeploymentPostprocessing = 0;
		};
		17F0197E27AE3355005EB14E /* Frameworks */ = {
			isa = PBXFrameworksBuildPhase;
			buildActionMask = 2147483647;
			files = (
				2D91213029C7C2E62E1582E1 /* Pods_Flix_FlixUITests.framework in Frameworks */,
			);
			runOnlyForDeploymentPostprocessing = 0;
		};
/* End PBXFrameworksBuildPhase section */

/* Begin PBXGroup section */
		17F0195827AE3354005EB14E = {
			isa = PBXGroup;
			children = (
				17F0196327AE3354005EB14E /* Flix */,
				17F0197A27AE3355005EB14E /* FlixTests */,
				17F0198427AE3355005EB14E /* FlixUITests */,
				17F0196227AE3354005EB14E /* Products */,
				635EC84008C3522587B7641E /* Pods */,
				7633A4D4AE82000B4F315526 /* Frameworks */,
			);
			sourceTree = "<group>";
		};
		17F0196227AE3354005EB14E /* Products */ = {
			isa = PBXGroup;
			children = (
				17F0196127AE3354005EB14E /* Flix.app */,
				17F0197727AE3355005EB14E /* FlixTests.xctest */,
				17F0198127AE3355005EB14E /* FlixUITests.xctest */,
			);
			name = Products;
			sourceTree = "<group>";
		};
		17F0196327AE3354005EB14E /* Flix */ = {
			isa = PBXGroup;
			children = (
				17F0196427AE3354005EB14E /* AppDelegate.swift */,
				17F0196627AE3354005EB14E /* SceneDelegate.swift */,
				17F0196A27AE3354005EB14E /* Main.storyboard */,
				17F019D227B42D20005EB14E /* MovieCell.swift */,
				17F0196D27AE3355005EB14E /* Assets.xcassets */,
				17F0196F27AE3355005EB14E /* LaunchScreen.storyboard */,
				17F0197227AE3355005EB14E /* Info.plist */,
				17F0199427AECEF4005EB14E /* MoviesViewController.swift */,
				1748758D27BEFEC200B59BE0 /* MovieDetailsViewController.swift */,
				1748758F27BF844B00B59BE0 /* MovieGridViewController.swift */,
				1748759127C0056300B59BE0 /* MovieGridCell.swift */,
				1748759327C090BD00B59BE0 /* MovieGridDetailsViewController.swift */,
			);
			path = Flix;
			sourceTree = "<group>";
		};
		17F0197A27AE3355005EB14E /* FlixTests */ = {
			isa = PBXGroup;
			children = (
				17F0197B27AE3355005EB14E /* FlixTests.swift */,
			);
			path = FlixTests;
			sourceTree = "<group>";
		};
		17F0198427AE3355005EB14E /* FlixUITests */ = {
			isa = PBXGroup;
			children = (
				17F0198527AE3355005EB14E /* FlixUITests.swift */,
				17F0198727AE3355005EB14E /* FlixUITestsLaunchTests.swift */,
			);
			path = FlixUITests;
			sourceTree = "<group>";
		};
		635EC84008C3522587B7641E /* Pods */ = {
			isa = PBXGroup;
			children = (
				71BD212F40C43D9AAFA05617 /* Pods-Flix.debug.xcconfig */,
				7092C67D9FF225C0A58FD169 /* Pods-Flix.release.xcconfig */,
				3C044DDADD194B8966FBD22B /* Pods-Flix-FlixUITests.debug.xcconfig */,
				43FDB14F68113D6092B44251 /* Pods-Flix-FlixUITests.release.xcconfig */,
				D3F995BB20D4D02559C75A82 /* Pods-FlixTests.debug.xcconfig */,
				B678F6B1560C8CDAA6D96192 /* Pods-FlixTests.release.xcconfig */,
			);
			path = Pods;
			sourceTree = "<group>";
		};
		7633A4D4AE82000B4F315526 /* Frameworks */ = {
			isa = PBXGroup;
			children = (
				931A72C05D94AD900BC62229 /* Pods_Flix.framework */,
				0C896AFD6135B3AFC62FAE5B /* Pods_Flix_FlixUITests.framework */,
				A793C49BEFEEEE8F1A28DB5D /* Pods_FlixTests.framework */,
			);
			name = Frameworks;
			sourceTree = "<group>";
		};
/* End PBXGroup section */

/* Begin PBXNativeTarget section */
		17F0196027AE3354005EB14E /* Flix */ = {
			isa = PBXNativeTarget;
			buildConfigurationList = 17F0198B27AE3355005EB14E /* Build configuration list for PBXNativeTarget "Flix" */;
			buildPhases = (
				0C5AB6F647A976A9459225F6 /* [CP] Check Pods Manifest.lock */,
				17F0195D27AE3354005EB14E /* Sources */,
				17F0195E27AE3354005EB14E /* Frameworks */,
				17F0195F27AE3354005EB14E /* Resources */,
				06018D6AD8A5E51FB689B80E /* [CP] Embed Pods Frameworks */,
			);
			buildRules = (
			);
			dependencies = (
			);
			name = Flix;
			packageProductDependencies = (
				17F019D527B430D7005EB14E /* AlamofireImage */,
			);
			productName = Flix;
			productReference = 17F0196127AE3354005EB14E /* Flix.app */;
			productType = "com.apple.product-type.application";
		};
		17F0197627AE3355005EB14E /* FlixTests */ = {
			isa = PBXNativeTarget;
			buildConfigurationList = 17F0198E27AE3355005EB14E /* Build configuration list for PBXNativeTarget "FlixTests" */;
			buildPhases = (
				5D573585A3A91D2B6E18F299 /* [CP] Check Pods Manifest.lock */,
				17F0197327AE3355005EB14E /* Sources */,
				17F0197427AE3355005EB14E /* Frameworks */,
				17F0197527AE3355005EB14E /* Resources */,
			);
			buildRules = (
			);
			dependencies = (
				17F0197927AE3355005EB14E /* PBXTargetDependency */,
			);
			name = FlixTests;
			productName = FlixTests;
			productReference = 17F0197727AE3355005EB14E /* FlixTests.xctest */;
			productType = "com.apple.product-type.bundle.unit-test";
		};
		17F0198027AE3355005EB14E /* FlixUITests */ = {
			isa = PBXNativeTarget;
			buildConfigurationList = 17F0199127AE3355005EB14E /* Build configuration list for PBXNativeTarget "FlixUITests" */;
			buildPhases = (
				4DEB98B26A94F49ED5F57E4E /* [CP] Check Pods Manifest.lock */,
				17F0197D27AE3355005EB14E /* Sources */,
				17F0197E27AE3355005EB14E /* Frameworks */,
				17F0197F27AE3355005EB14E /* Resources */,
				ACB698AE20E644855DB4110D /* [CP] Embed Pods Frameworks */,
			);
			buildRules = (
			);
			dependencies = (
				17F0198327AE3355005EB14E /* PBXTargetDependency */,
			);
			name = FlixUITests;
			productName = FlixUITests;
			productReference = 17F0198127AE3355005EB14E /* FlixUITests.xctest */;
			productType = "com.apple.product-type.bundle.ui-testing";
		};
/* End PBXNativeTarget section */

/* Begin PBXProject section */
		17F0195927AE3354005EB14E /* Project object */ = {
			isa = PBXProject;
			attributes = {
				BuildIndependentTargetsInParallel = 1;
				LastSwiftUpdateCheck = 1320;
				LastUpgradeCheck = 1320;
				TargetAttributes = {
					17F0196027AE3354005EB14E = {
						CreatedOnToolsVersion = 13.2.1;
					};
					17F0197627AE3355005EB14E = {
						CreatedOnToolsVersion = 13.2.1;
						TestTargetID = 17F0196027AE3354005EB14E;
					};
					17F0198027AE3355005EB14E = {
						CreatedOnToolsVersion = 13.2.1;
						TestTargetID = 17F0196027AE3354005EB14E;
					};
				};
			};
			buildConfigurationList = 17F0195C27AE3354005EB14E /* Build configuration list for PBXProject "Flix" */;
			compatibilityVersion = "Xcode 13.0";
			developmentRegion = en;
			hasScannedForEncodings = 0;
			knownRegions = (
				en,
				Base,
			);
			mainGroup = 17F0195827AE3354005EB14E;
			packageReferences = (
				17F019D427B430D7005EB14E /* XCRemoteSwiftPackageReference "AlamofireImage" */,
			);
			productRefGroup = 17F0196227AE3354005EB14E /* Products */;
			projectDirPath = "";
			projectRoot = "";
			targets = (
				17F0196027AE3354005EB14E /* Flix */,
				17F0197627AE3355005EB14E /* FlixTests */,
				17F0198027AE3355005EB14E /* FlixUITests */,
			);
		};
/* End PBXProject section */

/* Begin PBXResourcesBuildPhase section */
		17F0195F27AE3354005EB14E /* Resources */ = {
			isa = PBXResourcesBuildPhase;
			buildActionMask = 2147483647;
			files = (
				17F0197127AE3355005EB14E /* LaunchScreen.storyboard in Resources */,
				17F0196E27AE3355005EB14E /* Assets.xcassets in Resources */,
				17F0196C27AE3354005EB14E /* Main.storyboard in Resources */,
			);
			runOnlyForDeploymentPostprocessing = 0;
		};
		17F0197527AE3355005EB14E /* Resources */ = {
			isa = PBXResourcesBuildPhase;
			buildActionMask = 2147483647;
			files = (
			);
			runOnlyForDeploymentPostprocessing = 0;
		};
		17F0197F27AE3355005EB14E /* Resources */ = {
			isa = PBXResourcesBuildPhase;
			buildActionMask = 2147483647;
			files = (
			);
			runOnlyForDeploymentPostprocessing = 0;
		};
/* End PBXResourcesBuildPhase section */

/* Begin PBXShellScriptBuildPhase section */
		06018D6AD8A5E51FB689B80E /* [CP] Embed Pods Frameworks */ = {
			isa = PBXShellScriptBuildPhase;
			buildActionMask = 2147483647;
			files = (
			);
			inputFileListPaths = (
				"${PODS_ROOT}/Target Support Files/Pods-Flix/Pods-Flix-frameworks-${CONFIGURATION}-input-files.xcfilelist",
			);
			name = "[CP] Embed Pods Frameworks";
			outputFileListPaths = (
				"${PODS_ROOT}/Target Support Files/Pods-Flix/Pods-Flix-frameworks-${CONFIGURATION}-output-files.xcfilelist",
			);
			runOnlyForDeploymentPostprocessing = 0;
			shellPath = /bin/sh;
			shellScript = "\"${PODS_ROOT}/Target Support Files/Pods-Flix/Pods-Flix-frameworks.sh\"\n";
			showEnvVarsInLog = 0;
		};
		0C5AB6F647A976A9459225F6 /* [CP] Check Pods Manifest.lock */ = {
			isa = PBXShellScriptBuildPhase;
			buildActionMask = 2147483647;
			files = (
			);
			inputFileListPaths = (
			);
			inputPaths = (
				"${PODS_PODFILE_DIR_PATH}/Podfile.lock",
				"${PODS_ROOT}/Manifest.lock",
			);
			name = "[CP] Check Pods Manifest.lock";
			outputFileListPaths = (
			);
			outputPaths = (
				"$(DERIVED_FILE_DIR)/Pods-Flix-checkManifestLockResult.txt",
			);
			runOnlyForDeploymentPostprocessing = 0;
			shellPath = /bin/sh;
			shellScript = "diff \"${PODS_PODFILE_DIR_PATH}/Podfile.lock\" \"${PODS_ROOT}/Manifest.lock\" > /dev/null\nif [ $? != 0 ] ; then\n    # print error to STDERR\n    echo \"error: The sandbox is not in sync with the Podfile.lock. Run 'pod install' or update your CocoaPods installation.\" >&2\n    exit 1\nfi\n# This output is used by Xcode 'outputs' to avoid re-running this script phase.\necho \"SUCCESS\" > \"${SCRIPT_OUTPUT_FILE_0}\"\n";
			showEnvVarsInLog = 0;
		};
		4DEB98B26A94F49ED5F57E4E /* [CP] Check Pods Manifest.lock */ = {
			isa = PBXShellScriptBuildPhase;
			buildActionMask = 2147483647;
			files = (
			);
			inputFileListPaths = (
			);
			inputPaths = (
				"${PODS_PODFILE_DIR_PATH}/Podfile.lock",
				"${PODS_ROOT}/Manifest.lock",
			);
			name = "[CP] Check Pods Manifest.lock";
			outputFileListPaths = (
			);
			outputPaths = (
				"$(DERIVED_FILE_DIR)/Pods-Flix-FlixUITests-checkManifestLockResult.txt",
			);
			runOnlyForDeploymentPostprocessing = 0;
			shellPath = /bin/sh;
			shellScript = "diff \"${PODS_PODFILE_DIR_PATH}/Podfile.lock\" \"${PODS_ROOT}/Manifest.lock\" > /dev/null\nif [ $? != 0 ] ; then\n    # print error to STDERR\n    echo \"error: The sandbox is not in sync with the Podfile.lock. Run 'pod install' or update your CocoaPods installation.\" >&2\n    exit 1\nfi\n# This output is used by Xcode 'outputs' to avoid re-running this script phase.\necho \"SUCCESS\" > \"${SCRIPT_OUTPUT_FILE_0}\"\n";
			showEnvVarsInLog = 0;
		};
		5D573585A3A91D2B6E18F299 /* [CP] Check Pods Manifest.lock */ = {
			isa = PBXShellScriptBuildPhase;
			buildActionMask = 2147483647;
			files = (
			);
			inputFileListPaths = (
			);
			inputPaths = (
				"${PODS_PODFILE_DIR_PATH}/Podfile.lock",
				"${PODS_ROOT}/Manifest.lock",
			);
			name = "[CP] Check Pods Manifest.lock";
			outputFileListPaths = (
			);
			outputPaths = (
				"$(DERIVED_FILE_DIR)/Pods-FlixTests-checkManifestLockResult.txt",
			);
			runOnlyForDeploymentPostprocessing = 0;
			shellPath = /bin/sh;
			shellScript = "diff \"${PODS_PODFILE_DIR_PATH}/Podfile.lock\" \"${PODS_ROOT}/Manifest.lock\" > /dev/null\nif [ $? != 0 ] ; then\n    # print error to STDERR\n    echo \"error: The sandbox is not in sync with the Podfile.lock. Run 'pod install' or update your CocoaPods installation.\" >&2\n    exit 1\nfi\n# This output is used by Xcode 'outputs' to avoid re-running this script phase.\necho \"SUCCESS\" > \"${SCRIPT_OUTPUT_FILE_0}\"\n";
			showEnvVarsInLog = 0;
		};
		ACB698AE20E644855DB4110D /* [CP] Embed Pods Frameworks */ = {
			isa = PBXShellScriptBuildPhase;
			buildActionMask = 2147483647;
			files = (
			);
			inputFileListPaths = (
				"${PODS_ROOT}/Target Support Files/Pods-Flix-FlixUITests/Pods-Flix-FlixUITests-frameworks-${CONFIGURATION}-input-files.xcfilelist",
			);
			name = "[CP] Embed Pods Frameworks";
			outputFileListPaths = (
				"${PODS_ROOT}/Target Support Files/Pods-Flix-FlixUITests/Pods-Flix-FlixUITests-frameworks-${CONFIGURATION}-output-files.xcfilelist",
			);
			runOnlyForDeploymentPostprocessing = 0;
			shellPath = /bin/sh;
			shellScript = "\"${PODS_ROOT}/Target Support Files/Pods-Flix-FlixUITests/Pods-Flix-FlixUITests-frameworks.sh\"\n";
			showEnvVarsInLog = 0;
		};
/* End PBXShellScriptBuildPhase section */

/* Begin PBXSourcesBuildPhase section */
		17F0195D27AE3354005EB14E /* Sources */ = {
			isa = PBXSourcesBuildPhase;
			buildActionMask = 2147483647;
			files = (
				1748758E27BEFEC200B59BE0 /* MovieDetailsViewController.swift in Sources */,
				17F0196527AE3354005EB14E /* AppDelegate.swift in Sources */,
				1748759427C090BD00B59BE0 /* MovieGridDetailsViewController.swift in Sources */,
				17F0196727AE3354005EB14E /* SceneDelegate.swift in Sources */,
				17F019D327B42D20005EB14E /* MovieCell.swift in Sources */,
				17F0199527AECEF4005EB14E /* MoviesViewController.swift in Sources */,
				1748759027BF844B00B59BE0 /* MovieGridViewController.swift in Sources */,
				1748759227C0056300B59BE0 /* MovieGridCell.swift in Sources */,
			);
			runOnlyForDeploymentPostprocessing = 0;
		};
		17F0197327AE3355005EB14E /* Sources */ = {
			isa = PBXSourcesBuildPhase;
			buildActionMask = 2147483647;
			files = (
				17F0197C27AE3355005EB14E /* FlixTests.swift in Sources */,
			);
			runOnlyForDeploymentPostprocessing = 0;
		};
		17F0197D27AE3355005EB14E /* Sources */ = {
			isa = PBXSourcesBuildPhase;
			buildActionMask = 2147483647;
			files = (
				17F0198627AE3355005EB14E /* FlixUITests.swift in Sources */,
				17F0198827AE3355005EB14E /* FlixUITestsLaunchTests.swift in Sources */,
			);
			runOnlyForDeploymentPostprocessing = 0;
		};
/* End PBXSourcesBuildPhase section */

/* Begin PBXTargetDependency section */
		17F0197927AE3355005EB14E /* PBXTargetDependency */ = {
			isa = PBXTargetDependency;
			target = 17F0196027AE3354005EB14E /* Flix */;
			targetProxy = 17F0197827AE3355005EB14E /* PBXContainerItemProxy */;
		};
		17F0198327AE3355005EB14E /* PBXTargetDependency */ = {
			isa = PBXTargetDependency;
			target = 17F0196027AE3354005EB14E /* Flix */;
			targetProxy = 17F0198227AE3355005EB14E /* PBXContainerItemProxy */;
		};
/* End PBXTargetDependency section */

/* Begin PBXVariantGroup section */
		17F0196A27AE3354005EB14E /* Main.storyboard */ = {
			isa = PBXVariantGroup;
			children = (
				17F0196B27AE3354005EB14E /* Base */,
			);
			name = Main.storyboard;
			sourceTree = "<group>";
		};
		17F0196F27AE3355005EB14E /* LaunchScreen.storyboard */ = {
			isa = PBXVariantGroup;
			children = (
				17F0197027AE3355005EB14E /* Base */,
			);
			name = LaunchScreen.storyboard;
			sourceTree = "<group>";
		};
/* End PBXVariantGroup section */

/* Begin XCBuildConfiguration section */
		17F0198927AE3355005EB14E /* Debug */ = {
			isa = XCBuildConfiguration;
			buildSettings = {
				ALWAYS_SEARCH_USER_PATHS = NO;
				CLANG_ANALYZER_NONNULL = YES;
				CLANG_ANALYZER_NUMBER_OBJECT_CONVERSION = YES_AGGRESSIVE;
				CLANG_CXX_LANGUAGE_STANDARD = "gnu++17";
				CLANG_CXX_LIBRARY = "libc++";
				CLANG_ENABLE_MODULES = YES;
				CLANG_ENABLE_OBJC_ARC = YES;
				CLANG_ENABLE_OBJC_WEAK = YES;
				CLANG_WARN_BLOCK_CAPTURE_AUTORELEASING = YES;
				CLANG_WARN_BOOL_CONVERSION = YES;
				CLANG_WARN_COMMA = YES;
				CLANG_WARN_CONSTANT_CONVERSION = YES;
				CLANG_WARN_DEPRECATED_OBJC_IMPLEMENTATIONS = YES;
				CLANG_WARN_DIRECT_OBJC_ISA_USAGE = YES_ERROR;
				CLANG_WARN_DOCUMENTATION_COMMENTS = YES;
				CLANG_WARN_EMPTY_BODY = YES;
				CLANG_WARN_ENUM_CONVERSION = YES;
				CLANG_WARN_INFINITE_RECURSION = YES;
				CLANG_WARN_INT_CONVERSION = YES;
				CLANG_WARN_NON_LITERAL_NULL_CONVERSION = YES;
				CLANG_WARN_OBJC_IMPLICIT_RETAIN_SELF = YES;
				CLANG_WARN_OBJC_LITERAL_CONVERSION = YES;
				CLANG_WARN_OBJC_ROOT_CLASS = YES_ERROR;
				CLANG_WARN_QUOTED_INCLUDE_IN_FRAMEWORK_HEADER = YES;
				CLANG_WARN_RANGE_LOOP_ANALYSIS = YES;
				CLANG_WARN_STRICT_PROTOTYPES = YES;
				CLANG_WARN_SUSPICIOUS_MOVE = YES;
				CLANG_WARN_UNGUARDED_AVAILABILITY = YES_AGGRESSIVE;
				CLANG_WARN_UNREACHABLE_CODE = YES;
				CLANG_WARN__DUPLICATE_METHOD_MATCH = YES;
				COPY_PHASE_STRIP = NO;
				DEBUG_INFORMATION_FORMAT = dwarf;
				ENABLE_STRICT_OBJC_MSGSEND = YES;
				ENABLE_TESTABILITY = YES;
				GCC_C_LANGUAGE_STANDARD = gnu11;
				GCC_DYNAMIC_NO_PIC = NO;
				GCC_NO_COMMON_BLOCKS = YES;
				GCC_OPTIMIZATION_LEVEL = 0;
				GCC_PREPROCESSOR_DEFINITIONS = (
					"DEBUG=1",
					"$(inherited)",
				);
				GCC_WARN_64_TO_32_BIT_CONVERSION = YES;
				GCC_WARN_ABOUT_RETURN_TYPE = YES_ERROR;
				GCC_WARN_UNDECLARED_SELECTOR = YES;
				GCC_WARN_UNINITIALIZED_AUTOS = YES_AGGRESSIVE;
				GCC_WARN_UNUSED_FUNCTION = YES;
				GCC_WARN_UNUSED_VARIABLE = YES;
				IPHONEOS_DEPLOYMENT_TARGET = 15.2;
				MTL_ENABLE_DEBUG_INFO = INCLUDE_SOURCE;
				MTL_FAST_MATH = YES;
				ONLY_ACTIVE_ARCH = YES;
				SDKROOT = iphoneos;
				SWIFT_ACTIVE_COMPILATION_CONDITIONS = DEBUG;
				SWIFT_OPTIMIZATION_LEVEL = "-Onone";
			};
			name = Debug;
		};
		17F0198A27AE3355005EB14E /* Release */ = {
			isa = XCBuildConfiguration;
			buildSettings = {
				ALWAYS_SEARCH_USER_PATHS = NO;
				CLANG_ANALYZER_NONNULL = YES;
				CLANG_ANALYZER_NUMBER_OBJECT_CONVERSION = YES_AGGRESSIVE;
				CLANG_CXX_LANGUAGE_STANDARD = "gnu++17";
				CLANG_CXX_LIBRARY = "libc++";
				CLANG_ENABLE_MODULES = YES;
				CLANG_ENABLE_OBJC_ARC = YES;
				CLANG_ENABLE_OBJC_WEAK = YES;
				CLANG_WARN_BLOCK_CAPTURE_AUTORELEASING = YES;
				CLANG_WARN_BOOL_CONVERSION = YES;
				CLANG_WARN_COMMA = YES;
				CLANG_WARN_CONSTANT_CONVERSION = YES;
				CLANG_WARN_DEPRECATED_OBJC_IMPLEMENTATIONS = YES;
				CLANG_WARN_DIRECT_OBJC_ISA_USAGE = YES_ERROR;
				CLANG_WARN_DOCUMENTATION_COMMENTS = YES;
				CLANG_WARN_EMPTY_BODY = YES;
				CLANG_WARN_ENUM_CONVERSION = YES;
				CLANG_WARN_INFINITE_RECURSION = YES;
				CLANG_WARN_INT_CONVERSION = YES;
				CLANG_WARN_NON_LITERAL_NULL_CONVERSION = YES;
				CLANG_WARN_OBJC_IMPLICIT_RETAIN_SELF = YES;
				CLANG_WARN_OBJC_LITERAL_CONVERSION = YES;
				CLANG_WARN_OBJC_ROOT_CLASS = YES_ERROR;
				CLANG_WARN_QUOTED_INCLUDE_IN_FRAMEWORK_HEADER = YES;
				CLANG_WARN_RANGE_LOOP_ANALYSIS = YES;
				CLANG_WARN_STRICT_PROTOTYPES = YES;
				CLANG_WARN_SUSPICIOUS_MOVE = YES;
				CLANG_WARN_UNGUARDED_AVAILABILITY = YES_AGGRESSIVE;
				CLANG_WARN_UNREACHABLE_CODE = YES;
				CLANG_WARN__DUPLICATE_METHOD_MATCH = YES;
				COPY_PHASE_STRIP = NO;
				DEBUG_INFORMATION_FORMAT = "dwarf-with-dsym";
				ENABLE_NS_ASSERTIONS = NO;
				ENABLE_STRICT_OBJC_MSGSEND = YES;
				GCC_C_LANGUAGE_STANDARD = gnu11;
				GCC_NO_COMMON_BLOCKS = YES;
				GCC_WARN_64_TO_32_BIT_CONVERSION = YES;
				GCC_WARN_ABOUT_RETURN_TYPE = YES_ERROR;
				GCC_WARN_UNDECLARED_SELECTOR = YES;
				GCC_WARN_UNINITIALIZED_AUTOS = YES_AGGRESSIVE;
				GCC_WARN_UNUSED_FUNCTION = YES;
				GCC_WARN_UNUSED_VARIABLE = YES;
				IPHONEOS_DEPLOYMENT_TARGET = 15.2;
				MTL_ENABLE_DEBUG_INFO = NO;
				MTL_FAST_MATH = YES;
				SDKROOT = iphoneos;
				SWIFT_COMPILATION_MODE = wholemodule;
				SWIFT_OPTIMIZATION_LEVEL = "-O";
				VALIDATE_PRODUCT = YES;
			};
			name = Release;
		};
		17F0198C27AE3355005EB14E /* Debug */ = {
			isa = XCBuildConfiguration;
			baseConfigurationReference = 71BD212F40C43D9AAFA05617 /* Pods-Flix.debug.xcconfig */;
			buildSettings = {
				ASSETCATALOG_COMPILER_APPICON_NAME = AppIcon;
				ASSETCATALOG_COMPILER_GLOBAL_ACCENT_COLOR_NAME = AccentColor;
				CODE_SIGN_STYLE = Automatic;
				CURRENT_PROJECT_VERSION = 1;
				DEVELOPMENT_TEAM = 24P232JHSD;
				GENERATE_INFOPLIST_FILE = YES;
				INFOPLIST_FILE = Flix/Info.plist;
				INFOPLIST_KEY_UIApplicationSupportsIndirectInputEvents = YES;
				INFOPLIST_KEY_UILaunchStoryboardName = LaunchScreen;
				INFOPLIST_KEY_UIMainStoryboardFile = Main;
				INFOPLIST_KEY_UISupportedInterfaceOrientations_iPad = "UIInterfaceOrientationPortrait UIInterfaceOrientationPortraitUpsideDown UIInterfaceOrientationLandscapeLeft UIInterfaceOrientationLandscapeRight";
				INFOPLIST_KEY_UISupportedInterfaceOrientations_iPhone = "UIInterfaceOrientationPortrait UIInterfaceOrientationLandscapeLeft UIInterfaceOrientationLandscapeRight";
				LD_RUNPATH_SEARCH_PATHS = (
					"$(inherited)",
					"@executable_path/Frameworks",
				);
				MARKETING_VERSION = 1.0;
				PRODUCT_BUNDLE_IDENTIFIER = com.kirazuto7.Flix;
				PRODUCT_NAME = "$(TARGET_NAME)";
				SWIFT_EMIT_LOC_STRINGS = YES;
				SWIFT_VERSION = 5.0;
				TARGETED_DEVICE_FAMILY = "1,2";
			};
			name = Debug;
		};
		17F0198D27AE3355005EB14E /* Release */ = {
			isa = XCBuildConfiguration;
			baseConfigurationReference = 7092C67D9FF225C0A58FD169 /* Pods-Flix.release.xcconfig */;
			buildSettings = {
				ASSETCATALOG_COMPILER_APPICON_NAME = AppIcon;
				ASSETCATALOG_COMPILER_GLOBAL_ACCENT_COLOR_NAME = AccentColor;
				CODE_SIGN_STYLE = Automatic;
				CURRENT_PROJECT_VERSION = 1;
				DEVELOPMENT_TEAM = 24P232JHSD;
				GENERATE_INFOPLIST_FILE = YES;
				INFOPLIST_FILE = Flix/Info.plist;
				INFOPLIST_KEY_UIApplicationSupportsIndirectInputEvents = YES;
				INFOPLIST_KEY_UILaunchStoryboardName = LaunchScreen;
				INFOPLIST_KEY_UIMainStoryboardFile = Main;
				INFOPLIST_KEY_UISupportedInterfaceOrientations_iPad = "UIInterfaceOrientationPortrait UIInterfaceOrientationPortraitUpsideDown UIInterfaceOrientationLandscapeLeft UIInterfaceOrientationLandscapeRight";
				INFOPLIST_KEY_UISupportedInterfaceOrientations_iPhone = "UIInterfaceOrientationPortrait UIInterfaceOrientationLandscapeLeft UIInterfaceOrientationLandscapeRight";
				LD_RUNPATH_SEARCH_PATHS = (
					"$(inherited)",
					"@executable_path/Frameworks",
				);
				MARKETING_VERSION = 1.0;
				PRODUCT_BUNDLE_IDENTIFIER = com.kirazuto7.Flix;
				PRODUCT_NAME = "$(TARGET_NAME)";
				SWIFT_EMIT_LOC_STRINGS = YES;
				SWIFT_VERSION = 5.0;
				TARGETED_DEVICE_FAMILY = "1,2";
			};
			name = Release;
		};
		17F0198F27AE3355005EB14E /* Debug */ = {
			isa = XCBuildConfiguration;
			baseConfigurationReference = D3F995BB20D4D02559C75A82 /* Pods-FlixTests.debug.xcconfig */;
			buildSettings = {
				ALWAYS_EMBED_SWIFT_STANDARD_LIBRARIES = YES;
				BUNDLE_LOADER = "$(TEST_HOST)";
				CODE_SIGN_STYLE = Automatic;
				CURRENT_PROJECT_VERSION = 1;
				DEVELOPMENT_TEAM = 24P232JHSD;
				GENERATE_INFOPLIST_FILE = YES;
				IPHONEOS_DEPLOYMENT_TARGET = 15.2;
				MARKETING_VERSION = 1.0;
				PRODUCT_BUNDLE_IDENTIFIER = com.kirazuto7.FlixTests;
				PRODUCT_NAME = "$(TARGET_NAME)";
				SWIFT_EMIT_LOC_STRINGS = NO;
				SWIFT_VERSION = 5.0;
				TARGETED_DEVICE_FAMILY = "1,2";
				TEST_HOST = "$(BUILT_PRODUCTS_DIR)/Flix.app/Flix";
			};
			name = Debug;
		};
		17F0199027AE3355005EB14E /* Release */ = {
			isa = XCBuildConfiguration;
			baseConfigurationReference = B678F6B1560C8CDAA6D96192 /* Pods-FlixTests.release.xcconfig */;
			buildSettings = {
				ALWAYS_EMBED_SWIFT_STANDARD_LIBRARIES = YES;
				BUNDLE_LOADER = "$(TEST_HOST)";
				CODE_SIGN_STYLE = Automatic;
				CURRENT_PROJECT_VERSION = 1;
				DEVELOPMENT_TEAM = 24P232JHSD;
				GENERATE_INFOPLIST_FILE = YES;
				IPHONEOS_DEPLOYMENT_TARGET = 15.2;
				MARKETING_VERSION = 1.0;
				PRODUCT_BUNDLE_IDENTIFIER = com.kirazuto7.FlixTests;
				PRODUCT_NAME = "$(TARGET_NAME)";
				SWIFT_EMIT_LOC_STRINGS = NO;
				SWIFT_VERSION = 5.0;
				TARGETED_DEVICE_FAMILY = "1,2";
				TEST_HOST = "$(BUILT_PRODUCTS_DIR)/Flix.app/Flix";
			};
			name = Release;
		};
		17F0199227AE3355005EB14E /* Debug */ = {
			isa = XCBuildConfiguration;
			baseConfigurationReference = 3C044DDADD194B8966FBD22B /* Pods-Flix-FlixUITests.debug.xcconfig */;
			buildSettings = {
				ALWAYS_EMBED_SWIFT_STANDARD_LIBRARIES = YES;
				CODE_SIGN_STYLE = Automatic;
				CURRENT_PROJECT_VERSION = 1;
				DEVELOPMENT_TEAM = 24P232JHSD;
				GENERATE_INFOPLIST_FILE = YES;
				MARKETING_VERSION = 1.0;
				PRODUCT_BUNDLE_IDENTIFIER = com.kirazuto7.FlixUITests;
				PRODUCT_NAME = "$(TARGET_NAME)";
				SWIFT_EMIT_LOC_STRINGS = NO;
				SWIFT_VERSION = 5.0;
				TARGETED_DEVICE_FAMILY = "1,2";
				TEST_TARGET_NAME = Flix;
			};
			name = Debug;
		};
		17F0199327AE3355005EB14E /* Release */ = {
			isa = XCBuildConfiguration;
			baseConfigurationReference = 43FDB14F68113D6092B44251 /* Pods-Flix-FlixUITests.release.xcconfig */;
			buildSettings = {
				ALWAYS_EMBED_SWIFT_STANDARD_LIBRARIES = YES;
				CODE_SIGN_STYLE = Automatic;
				CURRENT_PROJECT_VERSION = 1;
				DEVELOPMENT_TEAM = 24P232JHSD;
				GENERATE_INFOPLIST_FILE = YES;
				MARKETING_VERSION = 1.0;
				PRODUCT_BUNDLE_IDENTIFIER = com.kirazuto7.FlixUITests;
				PRODUCT_NAME = "$(TARGET_NAME)";
				SWIFT_EMIT_LOC_STRINGS = NO;
				SWIFT_VERSION = 5.0;
				TARGETED_DEVICE_FAMILY = "1,2";
				TEST_TARGET_NAME = Flix;
			};
			name = Release;
		};
/* End XCBuildConfiguration section */

/* Begin XCConfigurationList section */
		17F0195C27AE3354005EB14E /* Build configuration list for PBXProject "Flix" */ = {
			isa = XCConfigurationList;
			buildConfigurations = (
				17F0198927AE3355005EB14E /* Debug */,
				17F0198A27AE3355005EB14E /* Release */,
			);
			defaultConfigurationIsVisible = 0;
			defaultConfigurationName = Release;
		};
		17F0198B27AE3355005EB14E /* Build configuration list for PBXNativeTarget "Flix" */ = {
			isa = XCConfigurationList;
			buildConfigurations = (
				17F0198C27AE3355005EB14E /* Debug */,
				17F0198D27AE3355005EB14E /* Release */,
			);
			defaultConfigurationIsVisible = 0;
			defaultConfigurationName = Release;
		};
		17F0198E27AE3355005EB14E /* Build configuration list for PBXNativeTarget "FlixTests" */ = {
			isa = XCConfigurationList;
			buildConfigurations = (
				17F0198F27AE3355005EB14E /* Debug */,
				17F0199027AE3355005EB14E /* Release */,
			);
			defaultConfigurationIsVisible = 0;
			defaultConfigurationName = Release;
		};
		17F0199127AE3355005EB14E /* Build configuration list for PBXNativeTarget "FlixUITests" */ = {
			isa = XCConfigurationList;
			buildConfigurations = (
				17F0199227AE3355005EB14E /* Debug */,
				17F0199327AE3355005EB14E /* Release */,
			);
			defaultConfigurationIsVisible = 0;
			defaultConfigurationName = Release;
		};
/* End XCConfigurationList section */

/* Begin XCRemoteSwiftPackageReference section */
		17F019D427B430D7005EB14E /* XCRemoteSwiftPackageReference "AlamofireImage" */ = {
			isa = XCRemoteSwiftPackageReference;
			repositoryURL = "https://github.com/Alamofire/AlamofireImage";
			requirement = {
				kind = upToNextMajorVersion;
				minimumVersion = 4.0.0;
			};
		};
/* End XCRemoteSwiftPackageReference section */

/* Begin XCSwiftPackageProductDependency section */
		17F019D527B430D7005EB14E /* AlamofireImage */ = {
			isa = XCSwiftPackageProductDependency;
			package = 17F019D427B430D7005EB14E /* XCRemoteSwiftPackageReference "AlamofireImage" */;
			productName = AlamofireImage;
		};
/* End XCSwiftPackageProductDependency section */
	};
	rootObject = 17F0195927AE3354005EB14E /* Project object */;
}
